{
  "name": "@aether/runtime",
  "version": "0.1.0",
  "lockfileVersion": 3,
  "requires": true,
  "packages": {
    "": {
      "name": "@aether/runtime",
      "version": "0.1.0",
      "dependencies": {
        "workerd": "1.20261006.1"
      },
      "engines": {
        "node": ">=24.19.0"
      }
    },
    "node_modules/@cloudflare/workerd-darwin-64": {
      "version": "1.20261006.1",
      "resolved": "https://registry.npmjs.org/@cloudflare/workerd-darwin-64/-/workerd-darwin-64-1.20261006.1.tgz",
      "integrity": "sha512-lCX6avJO2It9AyDEYitjmOtJRVp/xmaW0TziyoLAnfxlzozyyRbSFfIIMMCiDx/sTP1++E4VLbV+7BHSD33f0Q==",
      "cpu": [
        "x64"
      ],
      "license": "Apache-2.0",
      "optional": true,
      "os": [
        "darwin"
      ],
      "engines": {
        "node": ">=16"
      }
    },
    "node_modules/@cloudflare/workerd-darwin-arm64": {
      "version": "1.20261006.1",
      "resolved": "https://registry.npmjs.org/@cloudflare/workerd-darwin-arm64/-/workerd-darwin-arm64-1.20261006.1.tgz",
      "integrity": "sha512-PyFGjOaldtppnLuKsdkoYWXfLVpDjuf8u+uoykX+1Xvxo2EPmCVViq0iDKm+U7c7PRno85ehS3/MPVXyk2HwHw==",
      "cpu": [
        "arm64"
      ],
      "license": "Apache-2.0",
      "optional": true,
      "os": [
        "darwin"
      ],
      "engines": {
        "node": ">=16"
      }
    },
    "node_modules/@cloudflare/workerd-linux-64": {
      "version": "1.20261006.1",
      "resolved": "https://registry.npmjs.org/@cloudflare/workerd-linux-64/-/workerd-linux-64-1.20261006.1.tgz",
      "integrity": "sha512-Ntf9S8eesmVufdjaT2kzWlz6Ng9XGYTc6cHQVRKAg59lFufwsIabGeMT6U4KkrpEeSIxgHq8aPtuLbZXE19tCA==",
      "cpu": [
        "x64"
      ],
      "license": "Apache-2.0",
      "optional": true,
      "os": [
        "linux"
      ],
      "engines": {
        "node": ">=16"
      }
    },
    "node_modules/@cloudflare/workerd-linux-arm64": {
      "version": "1.20261006.1",
      "resolved": "https://registry.npmjs.org/@cloudflare/workerd-linux-arm64/-/workerd-linux-arm64-1.20261006.1.tgz",
      "integrity": "sha512-JyeDBymVWw5tVRebSsVE8ojDYxd6UlZrAseHU8G+NpIyd5wF61tXlF/axLeCUqu0pOhBFHb8I5QKi0jwrCK41Q==",
      "cpu": [
        "arm64"
      ],
      "license": "Apache-2.0",
      "optional": true,
      "os": [
        "linux"
      ],
      "engines": {
        "node": ">=16"
      }
    },
    "node_modules/@cloudflare/workerd-windows-64": {
      "version": "1.20261006.1",
      "resolved": "https://registry.npmjs.org/@cloudflare/workerd-windows-64/-/workerd-windows-64-1.20261006.1.tgz",
      "integrity": "sha512-nWP0URNqOBN9fa/gZ7eh/w051DwjOXN8j4lDZDYVXyQPsux6sV3DfyYZT+CjR/rt9nKBSmJT9QE9/bWT18+84w==",
      "cpu": [
        "x64"
      ],
      "license": "Apache-2.0",
      "optional": true,
      "os": [
        "win32"
      ],
      "engines": {
        "node": ">=16"
      }
    },
    "node_modules/workerd": {
      "version": "1.20261006.1",
      "resolved": "https://registry.npmjs.org/workerd/-/workerd-1.20261006.1.tgz",
      "integrity": "sha512-8MadBuffZ5NdpLwZjUmsqT5QlaKXq4gjgT6wzcKeynZTICNXyePhc+5QVoKiK7+MMhFTLNrRO2KXLlpk8Q6BkA==",
      "hasInstallScript": true,
      "license": "Apache-2.0",
      "bin": {
        "workerd": "bin/workerd"
      },
      "engines": {
        "node": ">=16"
      },
      "optionalDependencies": {
        "@cloudflare/workerd-darwin-64": "1.20261006.1",
        "@cloudflare/workerd-darwin-arm64": "1.20261006.1",
        "@cloudflare/workerd-linux-64": "1.20261006.1",
        "@cloudflare/workerd-linux-arm64": "1.20261006.1",
        "@cloudflare/workerd-windows-64": "1.20261006.1"
      }
    }
  }
}
